
Microsoft Visual Studio Solution File, Format Version 12.00
# Visual Studio Version 17
VisualStudioVersion = 17.4.33403.182
MinimumVisualStudioVersion = 10.0.40219.1
Project("{8BC9CEB8-8B4A-11D0-8D11-00A0C91BC942}") = "(23.08.21.)sfmlpractice", "(23.08.21.)sfmlpractice\(23.08.21.)sfmlpractice.vcxproj", "{3AF6CD5E-A83A-47D5-B77D-134CA82259EF}"
EndProject
Project("{8BC9CEB8-8B4A-11D0-8D11-00A0C91BC942}") = "MyFlappybird", "MyFlappybird\MyFlappybird.vcxproj", "{754677E8-3B87-458C-8B31-A458437A845E}"
EndProject
Project("{8BC9CEB8-8B4A-11D0-8D11-00A0C91BC942}") = "SFML_SHOOTING", "SFML_SHOOTING\SFML_SHOOTING.vcxproj", "{C39307F2-DA63-4391-A997-B5F21B8B8D21}"
EndProject
Global
	GlobalSection(SolutionConfigurationPlatforms) = preSolution
		Debug|x64 = Debug|x64
		Debug|x86 = Debug|x86
		Release|x64 = Release|x64
		Release|x86 = Release|x86
	EndGlobalSection
	GlobalSection(ProjectConfigurationPlatforms) = postSolution
		{3AF6CD5E-A83A-47D5-B77D-134CA82259EF}.Debug|x64.ActiveCfg = Debug|x64
		{3AF6CD5E-A83A-47D5-B77D-134CA82259EF}.Debug|x64.Build.0 = Debug|x64
		{3AF6CD5E-A83A-47D5-B77D-134CA82259EF}.Debug|x86.ActiveCfg = Debug|Win32
		{3AF6CD5E-A83A-47D5-B77D-134CA82259EF}.Debug|x86.Build.0 = Debug|Win32
		{3AF6CD5E-A83A-47D5-B77D-134CA82259EF}.Release|x64.ActiveCfg = Release|x64
		{3AF6CD5E-A83A-47D5-B77D-134CA82259EF}.Release|x64.Build.0 = Release|x64
		{3AF6CD5E-A83A-47D5-B77D-134CA82259EF}.Release|x86.ActiveCfg = Release|Win32
		{3AF6CD5E-A83A-47D5-B77D-134CA82259EF}.Release|x86.Build.0 = Release|Win32
		{754677E8-3B87-458C-8B31-A458437A845E}.Debug|x64.ActiveCfg = Debug|x64
		{754677E8-3B87-458C-8B31-A458437A845E}.Debug|x64.Build.0 = Debug|x64
		{754677E8-3B87-458C-8B31-A458437A845E}.Debug|x86.ActiveCfg = Debug|Win32
		{754677E8-3B87-458C-8B31-A458437A845E}.Debug|x86.Build.0 = Debug|Win32
		{754677E8-3B87-458C-8B31-A458437A845E}.Release|x64.ActiveCfg = Release|x64
		{754677E8-3B87-458C-8B31-A458437A845E}.Release|x64.Build.0 = Release|x64
		{754677E8-3B87-458C-8B31-A458437A845E}.Release|x86.ActiveCfg = Release|Win32
		{754677E8-3B87-458C-8B31-A458437A845E}.Release|x86.Build.0 = Release|Win32
		{C39307F2-DA63-4391-A997-B5F21B8B8D21}.Debug|x64.ActiveCfg = Debug|x64
		{C39307F2-DA63-4391-A997-B5F21B8B8D21}.Debug|x64.Build.0 = Debug|x64
		{C39307F2-DA63-4391-A997-B5F21B8B8D21}.Debug|x86.ActiveCfg = Debug|Win32
		{C39307F2-DA63-4391-A997-B5F21B8B8D21}.Debug|x86.Build.0 = Debug|Win32
		{C39307F2-DA63-4391-A997-B5F21B8B8D21}.Release|x64.ActiveCfg = Release|x64
		{C39307F2-DA63-4391-A997-B5F21B8B8D21}.Release|x64.Build.0 = Release|x64
		{C39307F2-DA63-4391-A997-B5F21B8B8D21}.Release|x86.ActiveCfg = Release|Win32
		{C39307F2-DA63-4391-A997-B5F21B8B8D21}.Release|x86.Build.0 = Release|Win32
	EndGlobalSection
	GlobalSection(SolutionProperties) = preSolution
		HideSolutionNode = FALSE
	EndGlobalSection
	GlobalSection(ExtensibilityGlobals) = postSolution
		SolutionGuid = {D205ECFC-8AC8-4B67-933E-B41B63D58817}
	EndGlobalSection
EndGlobal
