<?xml version="1.0" encoding="utf-8"?>
<Project ToolsVersion="4.0" xmlns="http://schemas.microsoft.com/developer/msbuild/2003">
  <ItemGroup>
    <Filter Include="리소스 파일">
      <UniqueIdentifier>{67DA6AB6-F800-4c08-8B7A-83BB121AAD01}</UniqueIdentifier>
      <Extensions>rc;ico;cur;bmp;dlg;rc2;rct;bin;rgs;gif;jpg;jpeg;jpe;resx;tiff;tif;png;wav;mfcribbon-ms</Extensions>
    </Filter>
    <Filter Include="Game">
      <UniqueIdentifier>{13703e0e-3a1f-4ce2-9336-0028c63f46dc}</UniqueIdentifier>
    </Filter>
    <Filter Include="Manager">
      <UniqueIdentifier>{cb2f8f56-f905-4653-bb1e-54d018c66018}</UniqueIdentifier>
    </Filter>
    <Filter Include="Scene">
      <UniqueIdentifier>{6abff2d5-af1d-401b-9a07-e618df1f8486}</UniqueIdentifier>
    </Filter>
    <Filter Include="Object">
      <UniqueIdentifier>{f79d7426-6f12-429d-9f1d-566d79ffc65d}</UniqueIdentifier>
    </Filter>
  </ItemGroup>
  <ItemGroup>
    <ClCompile Include="Core.cpp">
      <Filter>Game</Filter>
    </ClCompile>
    <ClCompile Include="ResMgr.cpp">
      <Filter>Manager</Filter>
    </ClCompile>
    <ClCompile Include="SceneMgr.cpp">
      <Filter>Manager</Filter>
    </ClCompile>
    <ClCompile Include="WindowMgr.cpp">
      <Filter>Manager</Filter>
    </ClCompile>
    <ClCompile Include="GameScene.cpp">
      <Filter>Scene</Filter>
    </ClCompile>
    <ClCompile Include="MenuScene.cpp">
      <Filter>Scene</Filter>
    </ClCompile>
    <ClCompile Include="Scene.cpp">
      <Filter>Scene</Filter>
    </ClCompile>
    <ClCompile Include="main.cpp" />
    <ClCompile Include="InputMgr.cpp">
      <Filter>Manager</Filter>
    </ClCompile>
    <ClCompile Include="Player.cpp">
      <Filter>Game</Filter>
    </ClCompile>
    <ClCompile Include="Bullet.cpp" />
  </ItemGroup>
  <ItemGroup>
    <ClInclude Include="pch.h">
      <Filter>Game</Filter>
    </ClInclude>
    <ClInclude Include="Core.h">
      <Filter>Game</Filter>
    </ClInclude>
    <ClInclude Include="ResMgr.h">
      <Filter>Manager</Filter>
    </ClInclude>
    <ClInclude Include="SceneMgr.h">
      <Filter>Manager</Filter>
    </ClInclude>
    <ClInclude Include="GameScene.h">
      <Filter>Scene</Filter>
    </ClInclude>
    <ClInclude Include="MenuScene.h">
      <Filter>Scene</Filter>
    </ClInclude>
    <ClInclude Include="Scene.h">
      <Filter>Scene</Filter>
    </ClInclude>
    <ClInclude Include="WindowMgr.h">
      <Filter>Manager</Filter>
    </ClInclude>
    <ClInclude Include="define.h">
      <Filter>Game</Filter>
    </ClInclude>
    <ClInclude Include="InputMgr.h">
      <Filter>Manager</Filter>
    </ClInclude>
    <ClInclude Include="Player.h">
      <Filter>Game</Filter>
    </ClInclude>
    <ClInclude Include="Bullet.h" />
  </ItemGroup>
</Project>